{
  "name": "konga",
  "version": "0.14.9",
  "lockfileVersion": 1,
  "requires": true,
  "dependencies": {
    "abbrev": {
      "version": "1.1.1",
      "resolved": "https://registry.npmjs.org/abbrev/-/abbrev-1.1.1.tgz",
      "integrity": "sha1-+PLIh60Qv2f8M0p1ZRnFa3HLIUY="
    },
    "accepts": {
      "version": "1.3.7",
      "resolved": "https://registry.npmjs.org/accepts/-/accepts-1.3.7.tgz",
      "integrity": "sha512-QP5iXrp8G9hzc5f6iVLjm58TG3I1LgPtKjV3Xqqc0KlF5PYAvSjScFOjv0vcNHRm3y+rxNZDefd5xU0cR02Tqg==",
      "requires": {
        "mime-types": "~2.1.24",
        "negotiator": "0.6.2"
      }
    },
    "ajv": {
      "version": "6.12.6",
      "resolved": "https://registry.npmjs.org/ajv/-/ajv-6.12.6.tgz",
      "integrity": "sha512-/j+Sn7L+J/tyM9tOrUJWeog+TwDPQLrRStBaWwg7uQAOzwc+68Lsiv9x9g7sjlDkFf8uSHcEKovz4BvMyhH8Pg==",
      "requires": {
        "fast-deep-equal": "^3.1.1",
        "fast-json-stable-stringify": "^2.0.0",
        "json-schema-traverse": "^0.4.1",
        "uri-js": "^4.2.2"
      }
    },
    ...
  }
}

